Microsoft Visual Studio Solution File, Format Version 12.00
# Visual Studio Version 17
VisualStudioVersion = 17.5.2.0
MinimumVisualStudioVersion = 10.0.40219.1
Project("{FAE04EC0-301F-11D3-BF4B-00C04F79EFBC}") = "RetryTests", "RetryTests.csproj", "{3F52904C-4A91-AA43-01E0-106703C47957}"
EndProject
Global
	GlobalSection(SolutionConfigurationPlatforms) = preSolution
		Debug|Any CPU = Debug|Any CPU
		Release|Any CPU = Release|Any CPU
	EndGlobalSection
	GlobalSection(ProjectConfigurationPlatforms) = postSolution
		{3F52904C-4A91-AA43-01E0-106703C47957}.Debug|Any CPU.ActiveCfg = Debug|Any CPU
		{3F52904C-4A91-AA43-01E0-106703C47957}.Debug|Any CPU.Build.0 = Debug|Any CPU
		{3F52904C-4A91-AA43-01E0-106703C47957}.Release|Any CPU.ActiveCfg = Release|Any CPU
		{3F52904C-4A91-AA43-01E0-106703C47957}.Release|Any CPU.Build.0 = Release|Any CPU
	EndGlobalSection
	GlobalSection(SolutionProperties) = preSolution
		HideSolutionNode = FALSE
	EndGlobalSection
	GlobalSection(ExtensibilityGlobals) = postSolution
		SolutionGuid = {D0C2E5C2-3E02-4F36-AF75-57E163D7BE56}
	EndGlobalSection
EndGlobal
